
Microsoft Visual Studio Solution File, Format Version 12.00
# Visual Studio Version 17
VisualStudioVersion = 17.3.32929.385
MinimumVisualStudioVersion = 10.0.40219.1
Project("{2150E333-8FDC-42A3-9474-1A3956D46DE8}") = "View", "View", "{60B089D7-5E3B-4FFC-9CB8-211A33470F08}"
EndProject
Project("{2150E333-8FDC-42A3-9474-1A3956D46DE8}") = "Viewmodel", "Viewmodel", "{BCAC5A8E-EFBC-4163-BD00-A6B3138AF0BB}"
EndProject
Project("{2150E333-8FDC-42A3-9474-1A3956D46DE8}") = "Application", "Application", "{D722A117-0FC3-4453-8288-5373974D5391}"
EndProject
Project("{2150E333-8FDC-42A3-9474-1A3956D46DE8}") = "Datamodel", "Datamodel", "{0A70BF7E-9DB4-4EDF-B7A2-91BF6644AB91}"
EndProject
Project("{2150E333-8FDC-42A3-9474-1A3956D46DE8}") = "Util", "Util", "{7DBB9509-6AB8-4FE3-A41A-4ACC3EED160B}"
EndProject
Project("{FAE04EC0-301F-11D3-BF4B-00C04F79EFBC}") = "Dsmviz.Util", "Dsmviz.Util\Dsmviz.Util.csproj", "{C2EB943F-4BB8-47BB-BDC1-7F6B607FB977}"
EndProject
Project("{FAE04EC0-301F-11D3-BF4B-00C04F79EFBC}") = "Dsmviz.Util.Test", "Dsmviz.Util.Test\Dsmviz.Util.Test.csproj", "{2C697652-F1AA-4335-8973-C5588840B8A6}"
EndProject
Project("{FAE04EC0-301F-11D3-BF4B-00C04F79EFBC}") = "Dsmviz.Datamodel.Common", "Dsmviz.Datamodel.Common\Dsmviz.Datamodel.Common.csproj", "{6E26EAA0-D0D6-41AB-9AED-61542F7EDFC5}"
EndProject
Project("{FAE04EC0-301F-11D3-BF4B-00C04F79EFBC}") = "Dsmviz.Datamodel.Common.Test", "Dsmviz.Datamodel.Common.Test\Dsmviz.Datamodel.Common.Test.csproj", "{1DCCE734-2B1F-4EEA-9A88-85BCFE06A1DF}"
EndProject
Project("{FAE04EC0-301F-11D3-BF4B-00C04F79EFBC}") = "Dsmviz.Datamodel.Dsi", "Dsmviz.Datamodel.Dsi\Dsmviz.Datamodel.Dsi.csproj", "{7106D2F0-804E-4F73-950C-266FFC096A87}"
EndProject
Project("{FAE04EC0-301F-11D3-BF4B-00C04F79EFBC}") = "Dsmviz.Datamodel.Dsi.Test", "Dsmviz.Datamodel.Dsi.Test\Dsmviz.Datamodel.Dsi.Test.csproj", "{C123D876-A195-4220-B3F1-3C3E85720D3F}"
EndProject
Project("{FAE04EC0-301F-11D3-BF4B-00C04F79EFBC}") = "Dsmviz.Datamodel.Dsm", "Dsmviz.Datamodel.Dsm\Dsmviz.Datamodel.Dsm.csproj", "{AE2405C6-54CA-43B1-BCF0-36B7010C0F0E}"
EndProject
Project("{FAE04EC0-301F-11D3-BF4B-00C04F79EFBC}") = "Dsmviz.Datamodel.Dsm.Test", "Dsmviz.Datamodel.Dsm.Test\Dsmviz.Datamodel.Dsm.Test.csproj", "{32E0E5F6-3AA7-4E8B-8239-EB613C33CCC4}"
EndProject
Project("{FAE04EC0-301F-11D3-BF4B-00C04F79EFBC}") = "Dsmviz.Application", "Dsmviz.Application\Dsmviz.Application.csproj", "{F864BD74-A7E3-4349-BE07-F0725A2EA589}"
EndProject
Project("{FAE04EC0-301F-11D3-BF4B-00C04F79EFBC}") = "Dsmviz.Application.Test", "Dsmviz.Application.Test\Dsmviz.Application.Test.csproj", "{45B1889F-B934-4C5C-8AC4-35B28F7CF37E}"
EndProject
Project("{FAE04EC0-301F-11D3-BF4B-00C04F79EFBC}") = "Dsmviz.Viewmodel", "Dsmviz.Viewmodel\Dsmviz.Viewmodel.csproj", "{0B3FD709-0509-42FB-9852-F0221283255E}"
EndProject
Project("{FAE04EC0-301F-11D3-BF4B-00C04F79EFBC}") = "Dsmviz.Viewmodel.Test", "Dsmviz.Viewmodel.Test\Dsmviz.Viewmodel.Test.csproj", "{7C213A5A-81E9-4C10-A3C4-80830D0954D4}"
EndProject
Project("{FAE04EC0-301F-11D3-BF4B-00C04F79EFBC}") = "Dsmviz.View", "Dsmviz.View\Dsmviz.View.csproj", "{DBF6C849-8506-444C-BE20-ECA87CA4A35C}"
EndProject
Project("{2150E333-8FDC-42A3-9474-1A3956D46DE8}") = "Installer", "Installer", "{277C5022-B2EB-4DC9-A989-606E35D43BB1}"
EndProject
Project("{930C7802-8A8C-48F9-8165-68863BCCD9DD}") = "Dsmviz.Installer", "Dsmviz.Installer\Dsmviz.Installer.wixproj", "{4641D099-C87D-4B5D-8B50-E5C074E619D0}"
EndProject
Global
	GlobalSection(SolutionConfigurationPlatforms) = preSolution
		Debug|x64 = Debug|x64
		Debug|x86 = Debug|x86
		Release|x64 = Release|x64
		Release|x86 = Release|x86
	EndGlobalSection
	GlobalSection(ProjectConfigurationPlatforms) = postSolution
		{C2EB943F-4BB8-47BB-BDC1-7F6B607FB977}.Debug|x64.ActiveCfg = Debug|x64
		{C2EB943F-4BB8-47BB-BDC1-7F6B607FB977}.Debug|x64.Build.0 = Debug|x64
		{C2EB943F-4BB8-47BB-BDC1-7F6B607FB977}.Debug|x86.ActiveCfg = Debug|x64
		{C2EB943F-4BB8-47BB-BDC1-7F6B607FB977}.Debug|x86.Build.0 = Debug|x64
		{C2EB943F-4BB8-47BB-BDC1-7F6B607FB977}.Release|x64.ActiveCfg = Release|x64
		{C2EB943F-4BB8-47BB-BDC1-7F6B607FB977}.Release|x64.Build.0 = Release|x64
		{C2EB943F-4BB8-47BB-BDC1-7F6B607FB977}.Release|x86.ActiveCfg = Release|x64
		{C2EB943F-4BB8-47BB-BDC1-7F6B607FB977}.Release|x86.Build.0 = Release|x64
		{2C697652-F1AA-4335-8973-C5588840B8A6}.Debug|x64.ActiveCfg = Debug|x64
		{2C697652-F1AA-4335-8973-C5588840B8A6}.Debug|x64.Build.0 = Debug|x64
		{2C697652-F1AA-4335-8973-C5588840B8A6}.Debug|x86.ActiveCfg = Debug|x64
		{2C697652-F1AA-4335-8973-C5588840B8A6}.Debug|x86.Build.0 = Debug|x64
		{2C697652-F1AA-4335-8973-C5588840B8A6}.Release|x64.ActiveCfg = Release|x64
		{2C697652-F1AA-4335-8973-C5588840B8A6}.Release|x64.Build.0 = Release|x64
		{2C697652-F1AA-4335-8973-C5588840B8A6}.Release|x86.ActiveCfg = Release|x64
		{2C697652-F1AA-4335-8973-C5588840B8A6}.Release|x86.Build.0 = Release|x64
		{6E26EAA0-D0D6-41AB-9AED-61542F7EDFC5}.Debug|x64.ActiveCfg = Debug|x64
		{6E26EAA0-D0D6-41AB-9AED-61542F7EDFC5}.Debug|x64.Build.0 = Debug|x64
		{6E26EAA0-D0D6-41AB-9AED-61542F7EDFC5}.Debug|x86.ActiveCfg = Debug|x64
		{6E26EAA0-D0D6-41AB-9AED-61542F7EDFC5}.Debug|x86.Build.0 = Debug|x64
		{6E26EAA0-D0D6-41AB-9AED-61542F7EDFC5}.Release|x64.ActiveCfg = Release|x64
		{6E26EAA0-D0D6-41AB-9AED-61542F7EDFC5}.Release|x64.Build.0 = Release|x64
		{6E26EAA0-D0D6-41AB-9AED-61542F7EDFC5}.Release|x86.ActiveCfg = Release|x64
		{6E26EAA0-D0D6-41AB-9AED-61542F7EDFC5}.Release|x86.Build.0 = Release|x64
		{1DCCE734-2B1F-4EEA-9A88-85BCFE06A1DF}.Debug|x64.ActiveCfg = Debug|x64
		{1DCCE734-2B1F-4EEA-9A88-85BCFE06A1DF}.Debug|x64.Build.0 = Debug|x64
		{1DCCE734-2B1F-4EEA-9A88-85BCFE06A1DF}.Debug|x86.ActiveCfg = Debug|x64
		{1DCCE734-2B1F-4EEA-9A88-85BCFE06A1DF}.Debug|x86.Build.0 = Debug|x64
		{1DCCE734-2B1F-4EEA-9A88-85BCFE06A1DF}.Release|x64.ActiveCfg = Release|x64
		{1DCCE734-2B1F-4EEA-9A88-85BCFE06A1DF}.Release|x64.Build.0 = Release|x64
		{1DCCE734-2B1F-4EEA-9A88-85BCFE06A1DF}.Release|x86.ActiveCfg = Release|x64
		{1DCCE734-2B1F-4EEA-9A88-85BCFE06A1DF}.Release|x86.Build.0 = Release|x64
		{7106D2F0-804E-4F73-950C-266FFC096A87}.Debug|x64.ActiveCfg = Debug|x64
		{7106D2F0-804E-4F73-950C-266FFC096A87}.Debug|x64.Build.0 = Debug|x64
		{7106D2F0-804E-4F73-950C-266FFC096A87}.Debug|x86.ActiveCfg = Debug|x64
		{7106D2F0-804E-4F73-950C-266FFC096A87}.Debug|x86.Build.0 = Debug|x64
		{7106D2F0-804E-4F73-950C-266FFC096A87}.Release|x64.ActiveCfg = Release|x64
		{7106D2F0-804E-4F73-950C-266FFC096A87}.Release|x64.Build.0 = Release|x64
		{7106D2F0-804E-4F73-950C-266FFC096A87}.Release|x86.ActiveCfg = Release|x64
		{7106D2F0-804E-4F73-950C-266FFC096A87}.Release|x86.Build.0 = Release|x64
		{C123D876-A195-4220-B3F1-3C3E85720D3F}.Debug|x64.ActiveCfg = Debug|x64
		{C123D876-A195-4220-B3F1-3C3E85720D3F}.Debug|x64.Build.0 = Debug|x64
		{C123D876-A195-4220-B3F1-3C3E85720D3F}.Debug|x86.ActiveCfg = Debug|x64
		{C123D876-A195-4220-B3F1-3C3E85720D3F}.Debug|x86.Build.0 = Debug|x64
		{C123D876-A195-4220-B3F1-3C3E85720D3F}.Release|x64.ActiveCfg = Release|x64
		{C123D876-A195-4220-B3F1-3C3E85720D3F}.Release|x64.Build.0 = Release|x64
		{C123D876-A195-4220-B3F1-3C3E85720D3F}.Release|x86.ActiveCfg = Release|x64
		{C123D876-A195-4220-B3F1-3C3E85720D3F}.Release|x86.Build.0 = Release|x64
		{AE2405C6-54CA-43B1-BCF0-36B7010C0F0E}.Debug|x64.ActiveCfg = Debug|x64
		{AE2405C6-54CA-43B1-BCF0-36B7010C0F0E}.Debug|x64.Build.0 = Debug|x64
		{AE2405C6-54CA-43B1-BCF0-36B7010C0F0E}.Debug|x86.ActiveCfg = Debug|x64
		{AE2405C6-54CA-43B1-BCF0-36B7010C0F0E}.Debug|x86.Build.0 = Debug|x64
		{AE2405C6-54CA-43B1-BCF0-36B7010C0F0E}.Release|x64.ActiveCfg = Release|x64
		{AE2405C6-54CA-43B1-BCF0-36B7010C0F0E}.Release|x64.Build.0 = Release|x64
		{AE2405C6-54CA-43B1-BCF0-36B7010C0F0E}.Release|x86.ActiveCfg = Release|x64
		{AE2405C6-54CA-43B1-BCF0-36B7010C0F0E}.Release|x86.Build.0 = Release|x64
		{32E0E5F6-3AA7-4E8B-8239-EB613C33CCC4}.Debug|x64.ActiveCfg = Debug|x64
		{32E0E5F6-3AA7-4E8B-8239-EB613C33CCC4}.Debug|x64.Build.0 = Debug|x64
		{32E0E5F6-3AA7-4E8B-8239-EB613C33CCC4}.Debug|x86.ActiveCfg = Debug|x64
		{32E0E5F6-3AA7-4E8B-8239-EB613C33CCC4}.Debug|x86.Build.0 = Debug|x64
		{32E0E5F6-3AA7-4E8B-8239-EB613C33CCC4}.Release|x64.ActiveCfg = Release|x64
		{32E0E5F6-3AA7-4E8B-8239-EB613C33CCC4}.Release|x64.Build.0 = Release|x64
		{32E0E5F6-3AA7-4E8B-8239-EB613C33CCC4}.Release|x86.ActiveCfg = Release|x64
		{32E0E5F6-3AA7-4E8B-8239-EB613C33CCC4}.Release|x86.Build.0 = Release|x64
		{F864BD74-A7E3-4349-BE07-F0725A2EA589}.Debug|x64.ActiveCfg = Debug|x64
		{F864BD74-A7E3-4349-BE07-F0725A2EA589}.Debug|x64.Build.0 = Debug|x64
		{F864BD74-A7E3-4349-BE07-F0725A2EA589}.Debug|x86.ActiveCfg = Debug|x64
		{F864BD74-A7E3-4349-BE07-F0725A2EA589}.Debug|x86.Build.0 = Debug|x64
		{F864BD74-A7E3-4349-BE07-F0725A2EA589}.Release|x64.ActiveCfg = Release|x64
		{F864BD74-A7E3-4349-BE07-F0725A2EA589}.Release|x64.Build.0 = Release|x64
		{F864BD74-A7E3-4349-BE07-F0725A2EA589}.Release|x86.ActiveCfg = Release|x64
		{F864BD74-A7E3-4349-BE07-F0725A2EA589}.Release|x86.Build.0 = Release|x64
		{45B1889F-B934-4C5C-8AC4-35B28F7CF37E}.Debug|x64.ActiveCfg = Debug|x64
		{45B1889F-B934-4C5C-8AC4-35B28F7CF37E}.Debug|x64.Build.0 = Debug|x64
		{45B1889F-B934-4C5C-8AC4-35B28F7CF37E}.Debug|x86.ActiveCfg = Debug|x64
		{45B1889F-B934-4C5C-8AC4-35B28F7CF37E}.Debug|x86.Build.0 = Debug|x64
		{45B1889F-B934-4C5C-8AC4-35B28F7CF37E}.Release|x64.ActiveCfg = Release|x64
		{45B1889F-B934-4C5C-8AC4-35B28F7CF37E}.Release|x64.Build.0 = Release|x64
		{45B1889F-B934-4C5C-8AC4-35B28F7CF37E}.Release|x86.ActiveCfg = Release|x64
		{45B1889F-B934-4C5C-8AC4-35B28F7CF37E}.Release|x86.Build.0 = Release|x64
		{0B3FD709-0509-42FB-9852-F0221283255E}.Debug|x64.ActiveCfg = Debug|x64
		{0B3FD709-0509-42FB-9852-F0221283255E}.Debug|x64.Build.0 = Debug|x64
		{0B3FD709-0509-42FB-9852-F0221283255E}.Debug|x86.ActiveCfg = Debug|x64
		{0B3FD709-0509-42FB-9852-F0221283255E}.Debug|x86.Build.0 = Debug|x64
		{0B3FD709-0509-42FB-9852-F0221283255E}.Release|x64.ActiveCfg = Release|x64
		{0B3FD709-0509-42FB-9852-F0221283255E}.Release|x64.Build.0 = Release|x64
		{0B3FD709-0509-42FB-9852-F0221283255E}.Release|x86.ActiveCfg = Release|x64
		{0B3FD709-0509-42FB-9852-F0221283255E}.Release|x86.Build.0 = Release|x64
		{7C213A5A-81E9-4C10-A3C4-80830D0954D4}.Debug|x64.ActiveCfg = Debug|x64
		{7C213A5A-81E9-4C10-A3C4-80830D0954D4}.Debug|x64.Build.0 = Debug|x64
		{7C213A5A-81E9-4C10-A3C4-80830D0954D4}.Debug|x86.ActiveCfg = Debug|x64
		{7C213A5A-81E9-4C10-A3C4-80830D0954D4}.Debug|x86.Build.0 = Debug|x64
		{7C213A5A-81E9-4C10-A3C4-80830D0954D4}.Release|x64.ActiveCfg = Release|x64
		{7C213A5A-81E9-4C10-A3C4-80830D0954D4}.Release|x64.Build.0 = Release|x64
		{7C213A5A-81E9-4C10-A3C4-80830D0954D4}.Release|x86.ActiveCfg = Release|x64
		{7C213A5A-81E9-4C10-A3C4-80830D0954D4}.Release|x86.Build.0 = Release|x64
		{DBF6C849-8506-444C-BE20-ECA87CA4A35C}.Debug|x64.ActiveCfg = Debug|x64
		{DBF6C849-8506-444C-BE20-ECA87CA4A35C}.Debug|x64.Build.0 = Debug|x64
		{DBF6C849-8506-444C-BE20-ECA87CA4A35C}.Debug|x86.ActiveCfg = Debug|x64
		{DBF6C849-8506-444C-BE20-ECA87CA4A35C}.Debug|x86.Build.0 = Debug|x64
		{DBF6C849-8506-444C-BE20-ECA87CA4A35C}.Release|x64.ActiveCfg = Release|x64
		{DBF6C849-8506-444C-BE20-ECA87CA4A35C}.Release|x64.Build.0 = Release|x64
		{DBF6C849-8506-444C-BE20-ECA87CA4A35C}.Release|x86.ActiveCfg = Release|x64
		{DBF6C849-8506-444C-BE20-ECA87CA4A35C}.Release|x86.Build.0 = Release|x64
		{4641D099-C87D-4B5D-8B50-E5C074E619D0}.Debug|x64.ActiveCfg = Debug|x64
		{4641D099-C87D-4B5D-8B50-E5C074E619D0}.Debug|x64.Build.0 = Debug|x64
		{4641D099-C87D-4B5D-8B50-E5C074E619D0}.Debug|x86.ActiveCfg = Debug|x86
		{4641D099-C87D-4B5D-8B50-E5C074E619D0}.Debug|x86.Build.0 = Debug|x86
		{4641D099-C87D-4B5D-8B50-E5C074E619D0}.Release|x64.ActiveCfg = Release|x64
		{4641D099-C87D-4B5D-8B50-E5C074E619D0}.Release|x64.Build.0 = Release|x64
		{4641D099-C87D-4B5D-8B50-E5C074E619D0}.Release|x86.ActiveCfg = Release|x86
		{4641D099-C87D-4B5D-8B50-E5C074E619D0}.Release|x86.Build.0 = Release|x86
	EndGlobalSection
	GlobalSection(SolutionProperties) = preSolution
		HideSolutionNode = FALSE
	EndGlobalSection
	GlobalSection(NestedProjects) = preSolution
		{C2EB943F-4BB8-47BB-BDC1-7F6B607FB977} = {7DBB9509-6AB8-4FE3-A41A-4ACC3EED160B}
		{2C697652-F1AA-4335-8973-C5588840B8A6} = {7DBB9509-6AB8-4FE3-A41A-4ACC3EED160B}
		{6E26EAA0-D0D6-41AB-9AED-61542F7EDFC5} = {0A70BF7E-9DB4-4EDF-B7A2-91BF6644AB91}
		{1DCCE734-2B1F-4EEA-9A88-85BCFE06A1DF} = {0A70BF7E-9DB4-4EDF-B7A2-91BF6644AB91}
		{7106D2F0-804E-4F73-950C-266FFC096A87} = {0A70BF7E-9DB4-4EDF-B7A2-91BF6644AB91}
		{C123D876-A195-4220-B3F1-3C3E85720D3F} = {0A70BF7E-9DB4-4EDF-B7A2-91BF6644AB91}
		{AE2405C6-54CA-43B1-BCF0-36B7010C0F0E} = {0A70BF7E-9DB4-4EDF-B7A2-91BF6644AB91}
		{32E0E5F6-3AA7-4E8B-8239-EB613C33CCC4} = {0A70BF7E-9DB4-4EDF-B7A2-91BF6644AB91}
		{F864BD74-A7E3-4349-BE07-F0725A2EA589} = {D722A117-0FC3-4453-8288-5373974D5391}
		{45B1889F-B934-4C5C-8AC4-35B28F7CF37E} = {D722A117-0FC3-4453-8288-5373974D5391}
		{0B3FD709-0509-42FB-9852-F0221283255E} = {BCAC5A8E-EFBC-4163-BD00-A6B3138AF0BB}
		{7C213A5A-81E9-4C10-A3C4-80830D0954D4} = {BCAC5A8E-EFBC-4163-BD00-A6B3138AF0BB}
		{DBF6C849-8506-444C-BE20-ECA87CA4A35C} = {60B089D7-5E3B-4FFC-9CB8-211A33470F08}
		{4641D099-C87D-4B5D-8B50-E5C074E619D0} = {277C5022-B2EB-4DC9-A989-606E35D43BB1}
	EndGlobalSection
	GlobalSection(ExtensibilityGlobals) = postSolution
		SolutionGuid = {1CFC3D63-8C8A-474B-81D0-84D37DF5B533}
	EndGlobalSection
EndGlobal
